
Microsoft Visual Studio Solution File, Format Version 12.00
# Visual Studio Version 17
VisualStudioVersion = 17.4.33205.214
MinimumVisualStudioVersion = 10.0.40219.1
Project("{FAE04EC0-301F-11D3-BF4B-00C04F79EFBC}") = "FilmesApi", "FilmesApi\FilmesApi.csproj", "{A543F969-C487-4910-9BD4-9594D0102EF0}"
EndProject
Global
	GlobalSection(SolutionConfigurationPlatforms) = preSolution
		Debug|Any CPU = Debug|Any CPU
		Release|Any CPU = Release|Any CPU
	EndGlobalSection
	GlobalSection(ProjectConfigurationPlatforms) = postSolution
		{A543F969-C487-4910-9BD4-9594D0102EF0}.Debug|Any CPU.ActiveCfg = Debug|Any CPU
		{A543F969-C487-4910-9BD4-9594D0102EF0}.Debug|Any CPU.Build.0 = Debug|Any CPU
		{A543F969-C487-4910-9BD4-9594D0102EF0}.Release|Any CPU.ActiveCfg = Release|Any CPU
		{A543F969-C487-4910-9BD4-9594D0102EF0}.Release|Any CPU.Build.0 = Release|Any CPU
	EndGlobalSection
	GlobalSection(SolutionProperties) = preSolution
		HideSolutionNode = FALSE
	EndGlobalSection
	GlobalSection(ExtensibilityGlobals) = postSolution
		SolutionGuid = {A09331E2-9C7E-4E58-894D-8F49B2805420}
	EndGlobalSection
EndGlobal
